
Microsoft Visual Studio Solution File, Format Version 12.00
# Visual Studio 2015
Project("{FAE04EC0-301F-11D3-BF4B-00C04F79EFBC}") = "Experiment4.CSharp", "Experiment4.CSharp.csproj", "{6110813A-BC80-4A7D-443E-292E4561CB4E}"
EndProject
Global
	GlobalSection(SolutionConfigurationPlatforms) = preSolution
		Debug|Any CPU = Debug|Any CPU
		Release|Any CPU = Release|Any CPU
	EndGlobalSection
	GlobalSection(ProjectConfigurationPlatforms) = postSolution
		{6110813A-BC80-4A7D-443E-292E4561CB4E}.Debug|Any CPU.ActiveCfg = Debug|Any CPU
		{6110813A-BC80-4A7D-443E-292E4561CB4E}.Debug|Any CPU.Build.0 = Debug|Any CPU
		{6110813A-BC80-4A7D-443E-292E4561CB4E}.Release|Any CPU.ActiveCfg = Release|Any CPU
		{6110813A-BC80-4A7D-443E-292E4561CB4E}.Release|Any CPU.Build.0 = Release|Any CPU
	EndGlobalSection
	GlobalSection(SolutionProperties) = preSolution
		HideSolutionNode = FALSE
	EndGlobalSection
EndGlobal
